// !$*UTF8*$!
{
	archiveVersion = 1;
	classes = {
	};
	objectVersion = 56;
	objects = {

/* Begin PBXBuildFile section */
		CE387F6C2B7D2657006BE2EB /* MessengerApp.swift in Sources */ = {isa = PBXBuildFile; fileRef = CE387F6B2B7D2657006BE2EB /* MessengerApp.swift */; };
		CE387F6E2B7D2657006BE2EB /* ContentView.swift in Sources */ = {isa = PBXBuildFile; fileRef = CE387F6D2B7D2657006BE2EB /* ContentView.swift */; };
		CE387F702B7D2657006BE2EB /* Item.swift in Sources */ = {isa = PBXBuildFile; fileRef = CE387F6F2B7D2657006BE2EB /* Item.swift */; };
		CE387F722B7D265A006BE2EB /* Assets.xcassets in Resources */ = {isa = PBXBuildFile; fileRef = CE387F712B7D265A006BE2EB /* Assets.xcassets */; };
		CE387F762B7D265A006BE2EB /* Preview Assets.xcassets in Resources */ = {isa = PBXBuildFile; fileRef = CE387F752B7D265A006BE2EB /* Preview Assets.xcassets */; };
		CE387F852B7D2886006BE2EB /* LoginView.swift in Sources */ = {isa = PBXBuildFile; fileRef = CE387F842B7D2886006BE2EB /* LoginView.swift */; };
		CE387F872B7D4B64006BE2EB /* RegistrationView.swift in Sources */ = {isa = PBXBuildFile; fileRef = CE387F862B7D4B64006BE2EB /* RegistrationView.swift */; };
		CE387F8A2B7D5EF2006BE2EB /* InboxView.swift in Sources */ = {isa = PBXBuildFile; fileRef = CE387F892B7D5EF2006BE2EB /* InboxView.swift */; };
		CE387F8D2B7D6064006BE2EB /* ActiveNowView.swift in Sources */ = {isa = PBXBuildFile; fileRef = CE387F8C2B7D6064006BE2EB /* ActiveNowView.swift */; };
		CE387F8F2B7D632B006BE2EB /* InboxRowView.swift in Sources */ = {isa = PBXBuildFile; fileRef = CE387F8E2B7D632B006BE2EB /* InboxRowView.swift */; };
		CE387F922B7DCFFC006BE2EB /* NewMassageView.swift in Sources */ = {isa = PBXBuildFile; fileRef = CE387F912B7DCFFC006BE2EB /* NewMassageView.swift */; };
		CE387F972B7DE650006BE2EB /* ProfileView.swift in Sources */ = {isa = PBXBuildFile; fileRef = CE387F962B7DE650006BE2EB /* ProfileView.swift */; };
		CE387F992B7DE8A1006BE2EB /* SettingsOptionsViewModel.swift in Sources */ = {isa = PBXBuildFile; fileRef = CE387F982B7DE8A1006BE2EB /* SettingsOptionsViewModel.swift */; };
		CE387F9B2B7E081D006BE2EB /* ProfileViewModel.swift in Sources */ = {isa = PBXBuildFile; fileRef = CE387F9A2B7E081D006BE2EB /* ProfileViewModel.swift */; };
		CE387F9D2B7E0E9D006BE2EB /* User.swift in Sources */ = {isa = PBXBuildFile; fileRef = CE387F9C2B7E0E9D006BE2EB /* User.swift */; };
		CE387FA02B7E3540006BE2EB /* CircularProfileImageView.swift in Sources */ = {isa = PBXBuildFile; fileRef = CE387F9F2B7E3540006BE2EB /* CircularProfileImageView.swift */; };
		CE387FA32B7E7C6F006BE2EB /* ChatView.swift in Sources */ = {isa = PBXBuildFile; fileRef = CE387FA22B7E7C6F006BE2EB /* ChatView.swift */; };
		CE387FA52B7E84D9006BE2EB /* ChatMessageCell.swift in Sources */ = {isa = PBXBuildFile; fileRef = CE387FA42B7E84D9006BE2EB /* ChatMessageCell.swift */; };
		CE387FA72B7E9614006BE2EB /* ChatBubble.swift in Sources */ = {isa = PBXBuildFile; fileRef = CE387FA62B7E9614006BE2EB /* ChatBubble.swift */; };
		CE387FA92B7F19D6006BE2EB /* GoogleService-Info.plist in Resources */ = {isa = PBXBuildFile; fileRef = CE387FA82B7F19D6006BE2EB /* GoogleService-Info.plist */; };
		CE387FAC2B7F1B38006BE2EB /* FirebaseAnalytics in Frameworks */ = {isa = PBXBuildFile; productRef = CE387FAB2B7F1B38006BE2EB /* FirebaseAnalytics */; };
		CE387FAE2B7F1B38006BE2EB /* FirebaseAnalyticsOnDeviceConversion in Frameworks */ = {isa = PBXBuildFile; productRef = CE387FAD2B7F1B38006BE2EB /* FirebaseAnalyticsOnDeviceConversion */; };
		CE387FB02B7F1B38006BE2EB /* FirebaseAnalyticsSwift in Frameworks */ = {isa = PBXBuildFile; productRef = CE387FAF2B7F1B38006BE2EB /* FirebaseAnalyticsSwift */; };
		CE387FB22B7F1B38006BE2EB /* FirebaseAnalyticsWithoutAdIdSupport in Frameworks */ = {isa = PBXBuildFile; productRef = CE387FB12B7F1B38006BE2EB /* FirebaseAnalyticsWithoutAdIdSupport */; };
		CE387FB42B7F1B38006BE2EB /* FirebaseAppCheck in Frameworks */ = {isa = PBXBuildFile; productRef = CE387FB32B7F1B38006BE2EB /* FirebaseAppCheck */; };
		CE387FB62B7F1B38006BE2EB /* FirebaseAppDistribution-Beta in Frameworks */ = {isa = PBXBuildFile; productRef = CE387FB52B7F1B38006BE2EB /* FirebaseAppDistribution-Beta */; };
		CE387FB82B7F1B38006BE2EB /* FirebaseAuth in Frameworks */ = {isa = PBXBuildFile; productRef = CE387FB72B7F1B38006BE2EB /* FirebaseAuth */; };
		CE387FBA2B7F1B38006BE2EB /* FirebaseAuthCombine-Community in Frameworks */ = {isa = PBXBuildFile; productRef = CE387FB92B7F1B38006BE2EB /* FirebaseAuthCombine-Community */; };
		CE387FBC2B7F1B38006BE2EB /* FirebaseCrashlytics in Frameworks */ = {isa = PBXBuildFile; productRef = CE387FBB2B7F1B38006BE2EB /* FirebaseCrashlytics */; };
		CE387FBE2B7F1B38006BE2EB /* FirebaseDatabase in Frameworks */ = {isa = PBXBuildFile; productRef = CE387FBD2B7F1B38006BE2EB /* FirebaseDatabase */; };
		CE387FC02B7F1B38006BE2EB /* FirebaseDatabaseSwift in Frameworks */ = {isa = PBXBuildFile; productRef = CE387FBF2B7F1B38006BE2EB /* FirebaseDatabaseSwift */; };
		CE387FC22B7F1B38006BE2EB /* FirebaseDynamicLinks in Frameworks */ = {isa = PBXBuildFile; productRef = CE387FC12B7F1B38006BE2EB /* FirebaseDynamicLinks */; };
		CE387FC42B7F1B38006BE2EB /* FirebaseFirestore in Frameworks */ = {isa = PBXBuildFile; productRef = CE387FC32B7F1B38006BE2EB /* FirebaseFirestore */; };
		CE387FC62B7F1B38006BE2EB /* FirebaseFirestoreCombine-Community in Frameworks */ = {isa = PBXBuildFile; productRef = CE387FC52B7F1B38006BE2EB /* FirebaseFirestoreCombine-Community */; };
		CE387FC82B7F1B38006BE2EB /* FirebaseFirestoreSwift in Frameworks */ = {isa = PBXBuildFile; productRef = CE387FC72B7F1B38006BE2EB /* FirebaseFirestoreSwift */; };
		CE387FCA2B7F1B38006BE2EB /* FirebaseFunctions in Frameworks */ = {isa = PBXBuildFile; productRef = CE387FC92B7F1B38006BE2EB /* FirebaseFunctions */; };
		CE387FCC2B7F1B38006BE2EB /* FirebaseFunctionsCombine-Community in Frameworks */ = {isa = PBXBuildFile; productRef = CE387FCB2B7F1B38006BE2EB /* FirebaseFunctionsCombine-Community */; };
		CE387FCE2B7F1B38006BE2EB /* FirebaseInAppMessaging-Beta in Frameworks */ = {isa = PBXBuildFile; productRef = CE387FCD2B7F1B38006BE2EB /* FirebaseInAppMessaging-Beta */; };
		CE387FD02B7F1B38006BE2EB /* FirebaseInAppMessagingSwift-Beta in Frameworks */ = {isa = PBXBuildFile; productRef = CE387FCF2B7F1B38006BE2EB /* FirebaseInAppMessagingSwift-Beta */; };
		CE387FD22B7F1B38006BE2EB /* FirebaseInstallations in Frameworks */ = {isa = PBXBuildFile; productRef = CE387FD12B7F1B38006BE2EB /* FirebaseInstallations */; };
		CE387FD42B7F1B38006BE2EB /* FirebaseMLModelDownloader in Frameworks */ = {isa = PBXBuildFile; productRef = CE387FD32B7F1B38006BE2EB /* FirebaseMLModelDownloader */; };
		CE387FD62B7F1B38006BE2EB /* FirebaseMessaging in Frameworks */ = {isa = PBXBuildFile; productRef = CE387FD52B7F1B38006BE2EB /* FirebaseMessaging */; };
		CE387FD82B7F1B38006BE2EB /* FirebasePerformance in Frameworks */ = {isa = PBXBuildFile; productRef = CE387FD72B7F1B38006BE2EB /* FirebasePerformance */; };
		CE387FDA2B7F1B38006BE2EB /* FirebaseRemoteConfig in Frameworks */ = {isa = PBXBuildFile; productRef = CE387FD92B7F1B38006BE2EB /* FirebaseRemoteConfig */; };
		CE387FDC2B7F1B38006BE2EB /* FirebaseRemoteConfigSwift in Frameworks */ = {isa = PBXBuildFile; productRef = CE387FDB2B7F1B38006BE2EB /* FirebaseRemoteConfigSwift */; };
		CE387FDE2B7F1B38006BE2EB /* FirebaseStorage in Frameworks */ = {isa = PBXBuildFile; productRef = CE387FDD2B7F1B38006BE2EB /* FirebaseStorage */; };
		CE387FE02B7F1B38006BE2EB /* FirebaseStorageCombine-Community in Frameworks */ = {isa = PBXBuildFile; productRef = CE387FDF2B7F1B38006BE2EB /* FirebaseStorageCombine-Community */; };
		CE387FE42B7F1CDF006BE2EB /* LoginViewModel.swift in Sources */ = {isa = PBXBuildFile; fileRef = CE387FE32B7F1CDF006BE2EB /* LoginViewModel.swift */; };
		CE387FE62B7F1D45006BE2EB /* RegistrationViewModel.swift in Sources */ = {isa = PBXBuildFile; fileRef = CE387FE52B7F1D45006BE2EB /* RegistrationViewModel.swift */; };
		CE387FE82B7F1D88006BE2EB /* AuthService.swift in Sources */ = {isa = PBXBuildFile; fileRef = CE387FE72B7F1D88006BE2EB /* AuthService.swift */; };
		CE387FEE2B7F2EBF006BE2EB /* ContentViewModel.swift in Sources */ = {isa = PBXBuildFile; fileRef = CE387FED2B7F2EBF006BE2EB /* ContentViewModel.swift */; };
		CE387FF02B809620006BE2EB /* UserService.swift in Sources */ = {isa = PBXBuildFile; fileRef = CE387FEF2B809620006BE2EB /* UserService.swift */; };
		CE387FF42B80A36C006BE2EB /* InboxViewModel.swift in Sources */ = {isa = PBXBuildFile; fileRef = CE387FF32B80A36C006BE2EB /* InboxViewModel.swift */; };
		CE387FF82B80F2FE006BE2EB /* NewMessageViewModel.swift in Sources */ = {isa = PBXBuildFile; fileRef = CE387FF72B80F2FE006BE2EB /* NewMessageViewModel.swift */; };
		CE387FFA2B8158F4006BE2EB /* Message.swift in Sources */ = {isa = PBXBuildFile; fileRef = CE387FF92B8158F4006BE2EB /* Message.swift */; };
		CE387FFC2B815A85006BE2EB /* MessageService.swift in Sources */ = {isa = PBXBuildFile; fileRef = CE387FFB2B815A85006BE2EB /* MessageService.swift */; };
		CE3880002B81BBBA006BE2EB /* ChatViewModel.swift in Sources */ = {isa = PBXBuildFile; fileRef = CE387FFF2B81BBBA006BE2EB /* ChatViewModel.swift */; };
/* End PBXBuildFile section */

/* Begin PBXFileReference section */
		CE387F682B7D2657006BE2EB /* Messenger.app */ = {isa = PBXFileReference; explicitFileType = wrapper.application; includeInIndex = 0; path = Messenger.app; sourceTree = BUILT_PRODUCTS_DIR; };
		CE387F6B2B7D2657006BE2EB /* MessengerApp.swift */ = {isa = PBXFileReference; lastKnownFileType = sourcecode.swift; path = MessengerApp.swift; sourceTree = "<group>"; };
		CE387F6D2B7D2657006BE2EB /* ContentView.swift */ = {isa = PBXFileReference; lastKnownFileType = sourcecode.swift; path = ContentView.swift; sourceTree = "<group>"; };
		CE387F6F2B7D2657006BE2EB /* Item.swift */ = {isa = PBXFileReference; lastKnownFileType = sourcecode.swift; path = Item.swift; sourceTree = "<group>"; };
		CE387F712B7D265A006BE2EB /* Assets.xcassets */ = {isa = PBXFileReference; lastKnownFileType = folder.assetcatalog; path = Assets.xcassets; sourceTree = "<group>"; };
		CE387F732B7D265A006BE2EB /* Messenger.entitlements */ = {isa = PBXFileReference; lastKnownFileType = text.plist.entitlements; path = Messenger.entitlements; sourceTree = "<group>"; };
		CE387F752B7D265A006BE2EB /* Preview Assets.xcassets */ = {isa = PBXFileReference; lastKnownFileType = folder.assetcatalog; path = "Preview Assets.xcassets"; sourceTree = "<group>"; };
		CE387F842B7D2886006BE2EB /* LoginView.swift */ = {isa = PBXFileReference; lastKnownFileType = sourcecode.swift; path = LoginView.swift; sourceTree = "<group>"; };
		CE387F862B7D4B64006BE2EB /* RegistrationView.swift */ = {isa = PBXFileReference; lastKnownFileType = sourcecode.swift; path = RegistrationView.swift; sourceTree = "<group>"; };
		CE387F892B7D5EF2006BE2EB /* InboxView.swift */ = {isa = PBXFileReference; lastKnownFileType = sourcecode.swift; path = InboxView.swift; sourceTree = "<group>"; };
		CE387F8C2B7D6064006BE2EB /* ActiveNowView.swift */ = {isa = PBXFileReference; lastKnownFileType = sourcecode.swift; path = ActiveNowView.swift; sourceTree = "<group>"; };
		CE387F8E2B7D632B006BE2EB /* InboxRowView.swift */ = {isa = PBXFileReference; lastKnownFileType = sourcecode.swift; path = InboxRowView.swift; sourceTree = "<group>"; };
		CE387F912B7DCFFC006BE2EB /* NewMassageView.swift */ = {isa = PBXFileReference; lastKnownFileType = sourcecode.swift; path = NewMassageView.swift; sourceTree = "<group>"; };
		CE387F962B7DE650006BE2EB /* ProfileView.swift */ = {isa = PBXFileReference; lastKnownFileType = sourcecode.swift; path = ProfileView.swift; sourceTree = "<group>"; };
		CE387F982B7DE8A1006BE2EB /* SettingsOptionsViewModel.swift */ = {isa = PBXFileReference; lastKnownFileType = sourcecode.swift; path = SettingsOptionsViewModel.swift; sourceTree = "<group>"; };
		CE387F9A2B7E081D006BE2EB /* ProfileViewModel.swift */ = {isa = PBXFileReference; lastKnownFileType = sourcecode.swift; path = ProfileViewModel.swift; sourceTree = "<group>"; };
		CE387F9C2B7E0E9D006BE2EB /* User.swift */ = {isa = PBXFileReference; lastKnownFileType = sourcecode.swift; path = User.swift; sourceTree = "<group>"; };
		CE387F9F2B7E3540006BE2EB /* CircularProfileImageView.swift */ = {isa = PBXFileReference; lastKnownFileType = sourcecode.swift; path = CircularProfileImageView.swift; sourceTree = "<group>"; };
		CE387FA22B7E7C6F006BE2EB /* ChatView.swift */ = {isa = PBXFileReference; lastKnownFileType = sourcecode.swift; path = ChatView.swift; sourceTree = "<group>"; };
		CE387FA42B7E84D9006BE2EB /* ChatMessageCell.swift */ = {isa = PBXFileReference; lastKnownFileType = sourcecode.swift; path = ChatMessageCell.swift; sourceTree = "<group>"; };
		CE387FA62B7E9614006BE2EB /* ChatBubble.swift */ = {isa = PBXFileReference; lastKnownFileType = sourcecode.swift; path = ChatBubble.swift; sourceTree = "<group>"; };
		CE387FA82B7F19D6006BE2EB /* GoogleService-Info.plist */ = {isa = PBXFileReference; fileEncoding = 4; lastKnownFileType = text.plist.xml; path = "GoogleService-Info.plist"; sourceTree = "<group>"; };
		CE387FE32B7F1CDF006BE2EB /* LoginViewModel.swift */ = {isa = PBXFileReference; lastKnownFileType = sourcecode.swift; path = LoginViewModel.swift; sourceTree = "<group>"; };
		CE387FE52B7F1D45006BE2EB /* RegistrationViewModel.swift */ = {isa = PBXFileReference; lastKnownFileType = sourcecode.swift; path = RegistrationViewModel.swift; sourceTree = "<group>"; };
		CE387FE72B7F1D88006BE2EB /* AuthService.swift */ = {isa = PBXFileReference; lastKnownFileType = sourcecode.swift; path = AuthService.swift; sourceTree = "<group>"; };
		CE387FED2B7F2EBF006BE2EB /* ContentViewModel.swift */ = {isa = PBXFileReference; lastKnownFileType = sourcecode.swift; path = ContentViewModel.swift; sourceTree = "<group>"; };
		CE387FEF2B809620006BE2EB /* UserService.swift */ = {isa = PBXFileReference; lastKnownFileType = sourcecode.swift; path = UserService.swift; sourceTree = "<group>"; };
		CE387FF32B80A36C006BE2EB /* InboxViewModel.swift */ = {isa = PBXFileReference; lastKnownFileType = sourcecode.swift; path = InboxViewModel.swift; sourceTree = "<group>"; };
		CE387FF72B80F2FE006BE2EB /* NewMessageViewModel.swift */ = {isa = PBXFileReference; lastKnownFileType = sourcecode.swift; path = NewMessageViewModel.swift; sourceTree = "<group>"; };
		CE387FF92B8158F4006BE2EB /* Message.swift */ = {isa = PBXFileReference; lastKnownFileType = sourcecode.swift; path = Message.swift; sourceTree = "<group>"; };
		CE387FFB2B815A85006BE2EB /* MessageService.swift */ = {isa = PBXFileReference; lastKnownFileType = sourcecode.swift; path = MessageService.swift; sourceTree = "<group>"; };
		CE387FFF2B81BBBA006BE2EB /* ChatViewModel.swift */ = {isa = PBXFileReference; lastKnownFileType = sourcecode.swift; path = ChatViewModel.swift; sourceTree = "<group>"; };
/* End PBXFileReference section */

/* Begin PBXFrameworksBuildPhase section */
		CE387F652B7D2657006BE2EB /* Frameworks */ = {
			isa = PBXFrameworksBuildPhase;
			buildActionMask = 2147483647;
			files = (
				CE387FBE2B7F1B38006BE2EB /* FirebaseDatabase in Frameworks */,
				CE387FCC2B7F1B38006BE2EB /* FirebaseFunctionsCombine-Community in Frameworks */,
				CE387FC42B7F1B38006BE2EB /* FirebaseFirestore in Frameworks */,
				CE387FB02B7F1B38006BE2EB /* FirebaseAnalyticsSwift in Frameworks */,
				CE387FAC2B7F1B38006BE2EB /* FirebaseAnalytics in Frameworks */,
				CE387FAE2B7F1B38006BE2EB /* FirebaseAnalyticsOnDeviceConversion in Frameworks */,
				CE387FD42B7F1B38006BE2EB /* FirebaseMLModelDownloader in Frameworks */,
				CE387FC82B7F1B38006BE2EB /* FirebaseFirestoreSwift in Frameworks */,
				CE387FB42B7F1B38006BE2EB /* FirebaseAppCheck in Frameworks */,
				CE387FB22B7F1B38006BE2EB /* FirebaseAnalyticsWithoutAdIdSupport in Frameworks */,
				CE387FB82B7F1B38006BE2EB /* FirebaseAuth in Frameworks */,
				CE387FBC2B7F1B38006BE2EB /* FirebaseCrashlytics in Frameworks */,
				CE387FDC2B7F1B38006BE2EB /* FirebaseRemoteConfigSwift in Frameworks */,
				CE387FCE2B7F1B38006BE2EB /* FirebaseInAppMessaging-Beta in Frameworks */,
				CE387FC02B7F1B38006BE2EB /* FirebaseDatabaseSwift in Frameworks */,
				CE387FCA2B7F1B38006BE2EB /* FirebaseFunctions in Frameworks */,
				CE387FE02B7F1B38006BE2EB /* FirebaseStorageCombine-Community in Frameworks */,
				CE387FDA2B7F1B38006BE2EB /* FirebaseRemoteConfig in Frameworks */,
				CE387FB62B7F1B38006BE2EB /* FirebaseAppDistribution-Beta in Frameworks */,
				CE387FBA2B7F1B38006BE2EB /* FirebaseAuthCombine-Community in Frameworks */,
				CE387FD82B7F1B38006BE2EB /* FirebasePerformance in Frameworks */,
				CE387FD02B7F1B38006BE2EB /* FirebaseInAppMessagingSwift-Beta in Frameworks */,
				CE387FDE2B7F1B38006BE2EB /* FirebaseStorage in Frameworks */,
				CE387FC22B7F1B38006BE2EB /* FirebaseDynamicLinks in Frameworks */,
				CE387FC62B7F1B38006BE2EB /* FirebaseFirestoreCombine-Community in Frameworks */,
				CE387FD62B7F1B38006BE2EB /* FirebaseMessaging in Frameworks */,
				CE387FD22B7F1B38006BE2EB /* FirebaseInstallations in Frameworks */,
			);
			runOnlyForDeploymentPostprocessing = 0;
		};
/* End PBXFrameworksBuildPhase section */

/* Begin PBXGroup section */
		CE387F5F2B7D2657006BE2EB = {
			isa = PBXGroup;
			children = (
				CE387F6A2B7D2657006BE2EB /* Messenger */,
				CE387F692B7D2657006BE2EB /* Products */,
			);
			sourceTree = "<group>";
		};
		CE387F692B7D2657006BE2EB /* Products */ = {
			isa = PBXGroup;
			children = (
				CE387F682B7D2657006BE2EB /* Messenger.app */,
			);
			name = Products;
			sourceTree = "<group>";
		};
		CE387F6A2B7D2657006BE2EB /* Messenger */ = {
			isa = PBXGroup;
			children = (
				CE387F802B7D277F006BE2EB /* App */,
				CE387F7F2B7D2777006BE2EB /* Ekstensions */,
				CE387F7E2B7D2773006BE2EB /* Core */,
				CE387F7D2B7D276A006BE2EB /* Model */,
				CE387F7C2B7D2765006BE2EB /* Service */,
				CE387FA82B7F19D6006BE2EB /* GoogleService-Info.plist */,
				CE387F6F2B7D2657006BE2EB /* Item.swift */,
				CE387F712B7D265A006BE2EB /* Assets.xcassets */,
				CE387F732B7D265A006BE2EB /* Messenger.entitlements */,
				CE387F742B7D265A006BE2EB /* Preview Content */,
			);
			path = Messenger;
			sourceTree = "<group>";
		};
		CE387F742B7D265A006BE2EB /* Preview Content */ = {
			isa = PBXGroup;
			children = (
				CE387F752B7D265A006BE2EB /* Preview Assets.xcassets */,
			);
			path = "Preview Content";
			sourceTree = "<group>";
		};
		CE387F7C2B7D2765006BE2EB /* Service */ = {
			isa = PBXGroup;
			children = (
				CE387FEF2B809620006BE2EB /* UserService.swift */,
				CE387FFB2B815A85006BE2EB /* MessageService.swift */,
			);
			path = Service;
			sourceTree = "<group>";
		};
		CE387F7D2B7D276A006BE2EB /* Model */ = {
			isa = PBXGroup;
			children = (
				CE387F9C2B7E0E9D006BE2EB /* User.swift */,
				CE387FF92B8158F4006BE2EB /* Message.swift */,
			);
			path = Model;
			sourceTree = "<group>";
		};
		CE387F7E2B7D2773006BE2EB /* Core */ = {
			isa = PBXGroup;
			children = (
				CE387F8B2B7D6047006BE2EB /* ActivenNow */,
				CE387F822B7D2806006BE2EB /* Authentication */,
				CE387FA12B7E7C4C006BE2EB /* Chat */,
				CE387F9E2B7E3501006BE2EB /* Components */,
				CE387F882B7D5EDA006BE2EB /* Inbox */,
				CE387F902B7DCFC2006BE2EB /* NewMassage */,
				CE387F932B7DE60F006BE2EB /* Profile */,
				CE387F812B7D2803006BE2EB /* Root */,
			);
			path = Core;
			sourceTree = "<group>";
		};
		CE387F7F2B7D2777006BE2EB /* Ekstensions */ = {
			isa = PBXGroup;
			children = (
			);
			path = Ekstensions;
			sourceTree = "<group>";
		};
		CE387F802B7D277F006BE2EB /* App */ = {
			isa = PBXGroup;
			children = (
				CE387F6B2B7D2657006BE2EB /* MessengerApp.swift */,
			);
			path = App;
			sourceTree = "<group>";
		};
		CE387F812B7D2803006BE2EB /* Root */ = {
			isa = PBXGroup;
			children = (
				CE387FEC2B7F2E85006BE2EB /* View */,
				CE387FEB2B7F2E82006BE2EB /* ViewModel */,
			);
			path = Root;
			sourceTree = "<group>";
		};
		CE387F822B7D2806006BE2EB /* Authentication */ = {
			isa = PBXGroup;
			children = (
				CE387FE22B7F1CA8006BE2EB /* Service */,
				CE387FE12B7F1CA5006BE2EB /* ViewModel */,
				CE387F832B7D286A006BE2EB /* View */,
			);
			path = Authentication;
			sourceTree = "<group>";
		};
		CE387F832B7D286A006BE2EB /* View */ = {
			isa = PBXGroup;
			children = (
				CE387F842B7D2886006BE2EB /* LoginView.swift */,
				CE387F862B7D4B64006BE2EB /* RegistrationView.swift */,
			);
			path = View;
			sourceTree = "<group>";
		};
		CE387F882B7D5EDA006BE2EB /* Inbox */ = {
			isa = PBXGroup;
			children = (
				CE387FF22B80A334006BE2EB /* Views */,
				CE387FF12B80A331006BE2EB /* ViewModel */,
			);
			path = Inbox;
			sourceTree = "<group>";
		};
		CE387F8B2B7D6047006BE2EB /* ActivenNow */ = {
			isa = PBXGroup;
			children = (
				CE387F8C2B7D6064006BE2EB /* ActiveNowView.swift */,
			);
			path = ActivenNow;
			sourceTree = "<group>";
		};
		CE387F902B7DCFC2006BE2EB /* NewMassage */ = {
			isa = PBXGroup;
			children = (
				CE387FF62B80F2CE006BE2EB /* Views */,
				CE387FF52B80F2CB006BE2EB /* ViewsModels */,
			);
			path = NewMassage;
			sourceTree = "<group>";
		};
		CE387F932B7DE60F006BE2EB /* Profile */ = {
			isa = PBXGroup;
			children = (
				CE387F952B7DE62C006BE2EB /* View */,
				CE387F942B7DE628006BE2EB /* ViewModel */,
			);
			path = Profile;
			sourceTree = "<group>";
		};
		CE387F942B7DE628006BE2EB /* ViewModel */ = {
			isa = PBXGroup;
			children = (
				CE387F982B7DE8A1006BE2EB /* SettingsOptionsViewModel.swift */,
				CE387F9A2B7E081D006BE2EB /* ProfileViewModel.swift */,
			);
			path = ViewModel;
			sourceTree = "<group>";
		};
		CE387F952B7DE62C006BE2EB /* View */ = {
			isa = PBXGroup;
			children = (
				CE387F962B7DE650006BE2EB /* ProfileView.swift */,
			);
			path = View;
			sourceTree = "<group>";
		};
		CE387F9E2B7E3501006BE2EB /* Components */ = {
			isa = PBXGroup;
			children = (
				CE387F9F2B7E3540006BE2EB /* CircularProfileImageView.swift */,
			);
			path = Components;
			sourceTree = "<group>";
		};
		CE387FA12B7E7C4C006BE2EB /* Chat */ = {
			isa = PBXGroup;
			children = (
				CE387FFD2B81BB3C006BE2EB /* View */,
				CE387FFE2B81BB4A006BE2EB /* ViewModels */,
			);
			path = Chat;
			sourceTree = "<group>";
		};
		CE387FE12B7F1CA5006BE2EB /* ViewModel */ = {
			isa = PBXGroup;
			children = (
				CE387FE32B7F1CDF006BE2EB /* LoginViewModel.swift */,
				CE387FE52B7F1D45006BE2EB /* RegistrationViewModel.swift */,
			);
			path = ViewModel;
			sourceTree = "<group>";
		};
		CE387FE22B7F1CA8006BE2EB /* Service */ = {
			isa = PBXGroup;
			children = (
				CE387FE72B7F1D88006BE2EB /* AuthService.swift */,
			);
			path = Service;
			sourceTree = "<group>";
		};
		CE387FEB2B7F2E82006BE2EB /* ViewModel */ = {
			isa = PBXGroup;
			children = (
				CE387FED2B7F2EBF006BE2EB /* ContentViewModel.swift */,
			);
			path = ViewModel;
			sourceTree = "<group>";
		};
		CE387FEC2B7F2E85006BE2EB /* View */ = {
			isa = PBXGroup;
			children = (
				CE387F6D2B7D2657006BE2EB /* ContentView.swift */,
			);
			path = View;
			sourceTree = "<group>";
		};
		CE387FF12B80A331006BE2EB /* ViewModel */ = {
			isa = PBXGroup;
			children = (
				CE387FF32B80A36C006BE2EB /* InboxViewModel.swift */,
			);
			path = ViewModel;
			sourceTree = "<group>";
		};
		CE387FF22B80A334006BE2EB /* Views */ = {
			isa = PBXGroup;
			children = (
				CE387F892B7D5EF2006BE2EB /* InboxView.swift */,
				CE387F8E2B7D632B006BE2EB /* InboxRowView.swift */,
			);
			path = Views;
			sourceTree = "<group>";
		};
		CE387FF52B80F2CB006BE2EB /* ViewsModels */ = {
			isa = PBXGroup;
			children = (
				CE387FF72B80F2FE006BE2EB /* NewMessageViewModel.swift */,
			);
			path = ViewsModels;
			sourceTree = "<group>";
		};
		CE387FF62B80F2CE006BE2EB /* Views */ = {
			isa = PBXGroup;
			children = (
				CE387F912B7DCFFC006BE2EB /* NewMassageView.swift */,
			);
			path = Views;
			sourceTree = "<group>";
		};
		CE387FFD2B81BB3C006BE2EB /* View */ = {
			isa = PBXGroup;
			children = (
				CE387FA22B7E7C6F006BE2EB /* ChatView.swift */,
				CE387FA42B7E84D9006BE2EB /* ChatMessageCell.swift */,
				CE387FA62B7E9614006BE2EB /* ChatBubble.swift */,
			);
			path = View;
			sourceTree = "<group>";
		};
		CE387FFE2B81BB4A006BE2EB /* ViewModels */ = {
			isa = PBXGroup;
			children = (
				CE387FFF2B81BBBA006BE2EB /* ChatViewModel.swift */,
			);
			path = ViewModels;
			sourceTree = "<group>";
		};
/* End PBXGroup section */

/* Begin PBXNativeTarget section */
		CE387F672B7D2657006BE2EB /* Messenger */ = {
			isa = PBXNativeTarget;
			buildConfigurationList = CE387F792B7D265A006BE2EB /* Build configuration list for PBXNativeTarget "Messenger" */;
			buildPhases = (
				CE387F642B7D2657006BE2EB /* Sources */,
				CE387F652B7D2657006BE2EB /* Frameworks */,
				CE387F662B7D2657006BE2EB /* Resources */,
			);
			buildRules = (
			);
			dependencies = (
			);
			name = Messenger;
			packageProductDependencies = (
				CE387FAB2B7F1B38006BE2EB /* FirebaseAnalytics */,
				CE387FAD2B7F1B38006BE2EB /* FirebaseAnalyticsOnDeviceConversion */,
				CE387FAF2B7F1B38006BE2EB /* FirebaseAnalyticsSwift */,
				CE387FB12B7F1B38006BE2EB /* FirebaseAnalyticsWithoutAdIdSupport */,
				CE387FB32B7F1B38006BE2EB /* FirebaseAppCheck */,
				CE387FB52B7F1B38006BE2EB /* FirebaseAppDistribution-Beta */,
				CE387FB72B7F1B38006BE2EB /* FirebaseAuth */,
				CE387FB92B7F1B38006BE2EB /* FirebaseAuthCombine-Community */,
				CE387FBB2B7F1B38006BE2EB /* FirebaseCrashlytics */,
				CE387FBD2B7F1B38006BE2EB /* FirebaseDatabase */,
				CE387FBF2B7F1B38006BE2EB /* FirebaseDatabaseSwift */,
				CE387FC12B7F1B38006BE2EB /* FirebaseDynamicLinks */,
				CE387FC32B7F1B38006BE2EB /* FirebaseFirestore */,
				CE387FC52B7F1B38006BE2EB /* FirebaseFirestoreCombine-Community */,
				CE387FC72B7F1B38006BE2EB /* FirebaseFirestoreSwift */,
				CE387FC92B7F1B38006BE2EB /* FirebaseFunctions */,
				CE387FCB2B7F1B38006BE2EB /* FirebaseFunctionsCombine-Community */,
				CE387FCD2B7F1B38006BE2EB /* FirebaseInAppMessaging-Beta */,
				CE387FCF2B7F1B38006BE2EB /* FirebaseInAppMessagingSwift-Beta */,
				CE387FD12B7F1B38006BE2EB /* FirebaseInstallations */,
				CE387FD32B7F1B38006BE2EB /* FirebaseMLModelDownloader */,
				CE387FD52B7F1B38006BE2EB /* FirebaseMessaging */,
				CE387FD72B7F1B38006BE2EB /* FirebasePerformance */,
				CE387FD92B7F1B38006BE2EB /* FirebaseRemoteConfig */,
				CE387FDB2B7F1B38006BE2EB /* FirebaseRemoteConfigSwift */,
				CE387FDD2B7F1B38006BE2EB /* FirebaseStorage */,
				CE387FDF2B7F1B38006BE2EB /* FirebaseStorageCombine-Community */,
			);
			productName = Messenger;
			productReference = CE387F682B7D2657006BE2EB /* Messenger.app */;
			productType = "com.apple.product-type.application";
		};
/* End PBXNativeTarget section */

/* Begin PBXProject section */
		CE387F602B7D2657006BE2EB /* Project object */ = {
			isa = PBXProject;
			attributes = {
				BuildIndependentTargetsInParallel = 1;
				LastSwiftUpdateCheck = 1520;
				LastUpgradeCheck = 1520;
				TargetAttributes = {
					CE387F672B7D2657006BE2EB = {
						CreatedOnToolsVersion = 15.2;
					};
				};
			};
			buildConfigurationList = CE387F632B7D2657006BE2EB /* Build configuration list for PBXProject "Messenger" */;
			compatibilityVersion = "Xcode 14.0";
			developmentRegion = en;
			hasScannedForEncodings = 0;
			knownRegions = (
				en,
				Base,
			);
			mainGroup = CE387F5F2B7D2657006BE2EB;
			packageReferences = (
				CE387FAA2B7F1B38006BE2EB /* XCRemoteSwiftPackageReference "firebase-ios-sdk" */,
			);
			productRefGroup = CE387F692B7D2657006BE2EB /* Products */;
			projectDirPath = "";
			projectRoot = "";
			targets = (
				CE387F672B7D2657006BE2EB /* Messenger */,
			);
		};
/* End PBXProject section */

/* Begin PBXResourcesBuildPhase section */
		CE387F662B7D2657006BE2EB /* Resources */ = {
			isa = PBXResourcesBuildPhase;
			buildActionMask = 2147483647;
			files = (
				CE387F762B7D265A006BE2EB /* Preview Assets.xcassets in Resources */,
				CE387FA92B7F19D6006BE2EB /* GoogleService-Info.plist in Resources */,
				CE387F722B7D265A006BE2EB /* Assets.xcassets in Resources */,
			);
			runOnlyForDeploymentPostprocessing = 0;
		};
/* End PBXResourcesBuildPhase section */

/* Begin PBXSourcesBuildPhase section */
		CE387F642B7D2657006BE2EB /* Sources */ = {
			isa = PBXSourcesBuildPhase;
			buildActionMask = 2147483647;
			files = (
				CE387F9D2B7E0E9D006BE2EB /* User.swift in Sources */,
				CE387FFC2B815A85006BE2EB /* MessageService.swift in Sources */,
				CE387F8F2B7D632B006BE2EB /* InboxRowView.swift in Sources */,
				CE387FA72B7E9614006BE2EB /* ChatBubble.swift in Sources */,
				CE387FE62B7F1D45006BE2EB /* RegistrationViewModel.swift in Sources */,
				CE387F6E2B7D2657006BE2EB /* ContentView.swift in Sources */,
				CE387F972B7DE650006BE2EB /* ProfileView.swift in Sources */,
				CE3880002B81BBBA006BE2EB /* ChatViewModel.swift in Sources */,
				CE387FF02B809620006BE2EB /* UserService.swift in Sources */,
				CE387FFA2B8158F4006BE2EB /* Message.swift in Sources */,
				CE387F922B7DCFFC006BE2EB /* NewMassageView.swift in Sources */,
				CE387FE82B7F1D88006BE2EB /* AuthService.swift in Sources */,
				CE387FA52B7E84D9006BE2EB /* ChatMessageCell.swift in Sources */,
				CE387F8D2B7D6064006BE2EB /* ActiveNowView.swift in Sources */,
				CE387FE42B7F1CDF006BE2EB /* LoginViewModel.swift in Sources */,
				CE387F8A2B7D5EF2006BE2EB /* InboxView.swift in Sources */,
				CE387FA32B7E7C6F006BE2EB /* ChatView.swift in Sources */,
				CE387FF42B80A36C006BE2EB /* InboxViewModel.swift in Sources */,
				CE387FF82B80F2FE006BE2EB /* NewMessageViewModel.swift in Sources */,
				CE387FA02B7E3540006BE2EB /* CircularProfileImageView.swift in Sources */,
				CE387F9B2B7E081D006BE2EB /* ProfileViewModel.swift in Sources */,
				CE387F702B7D2657006BE2EB /* Item.swift in Sources */,
				CE387F852B7D2886006BE2EB /* LoginView.swift in Sources */,
				CE387FEE2B7F2EBF006BE2EB /* ContentViewModel.swift in Sources */,
				CE387F6C2B7D2657006BE2EB /* MessengerApp.swift in Sources */,
				CE387F992B7DE8A1006BE2EB /* SettingsOptionsViewModel.swift in Sources */,
				CE387F872B7D4B64006BE2EB /* RegistrationView.swift in Sources */,
			);
			runOnlyForDeploymentPostprocessing = 0;
		};
/* End PBXSourcesBuildPhase section */

/* Begin XCBuildConfiguration section */
		CE387F772B7D265A006BE2EB /* Debug */ = {
			isa = XCBuildConfiguration;
			buildSettings = {
				ALWAYS_SEARCH_USER_PATHS = NO;
				ASSETCATALOG_COMPILER_GENERATE_SWIFT_ASSET_SYMBOL_EXTENSIONS = YES;
				CLANG_ANALYZER_NONNULL = YES;
				CLANG_ANALYZER_NUMBER_OBJECT_CONVERSION = YES_AGGRESSIVE;
				CLANG_CXX_LANGUAGE_STANDARD = "gnu++20";
				CLANG_ENABLE_MODULES = YES;
				CLANG_ENABLE_OBJC_ARC = YES;
				CLANG_ENABLE_OBJC_WEAK = YES;
				CLANG_WARN_BLOCK_CAPTURE_AUTORELEASING = YES;
				CLANG_WARN_BOOL_CONVERSION = YES;
				CLANG_WARN_COMMA = YES;
				CLANG_WARN_CONSTANT_CONVERSION = YES;
				CLANG_WARN_DEPRECATED_OBJC_IMPLEMENTATIONS = YES;
				CLANG_WARN_DIRECT_OBJC_ISA_USAGE = YES_ERROR;
				CLANG_WARN_DOCUMENTATION_COMMENTS = YES;
				CLANG_WARN_EMPTY_BODY = YES;
				CLANG_WARN_ENUM_CONVERSION = YES;
				CLANG_WARN_INFINITE_RECURSION = YES;
				CLANG_WARN_INT_CONVERSION = YES;
				CLANG_WARN_NON_LITERAL_NULL_CONVERSION = YES;
				CLANG_WARN_OBJC_IMPLICIT_RETAIN_SELF = YES;
				CLANG_WARN_OBJC_LITERAL_CONVERSION = YES;
				CLANG_WARN_OBJC_ROOT_CLASS = YES_ERROR;
				CLANG_WARN_QUOTED_INCLUDE_IN_FRAMEWORK_HEADER = YES;
				CLANG_WARN_RANGE_LOOP_ANALYSIS = YES;
				CLANG_WARN_STRICT_PROTOTYPES = YES;
				CLANG_WARN_SUSPICIOUS_MOVE = YES;
				CLANG_WARN_UNGUARDED_AVAILABILITY = YES_AGGRESSIVE;
				CLANG_WARN_UNREACHABLE_CODE = YES;
				CLANG_WARN__DUPLICATE_METHOD_MATCH = YES;
				COPY_PHASE_STRIP = NO;
				DEBUG_INFORMATION_FORMAT = dwarf;
				ENABLE_STRICT_OBJC_MSGSEND = YES;
				ENABLE_TESTABILITY = YES;
				ENABLE_USER_SCRIPT_SANDBOXING = YES;
				GCC_C_LANGUAGE_STANDARD = gnu17;
				GCC_DYNAMIC_NO_PIC = NO;
				GCC_NO_COMMON_BLOCKS = YES;
				GCC_OPTIMIZATION_LEVEL = 0;
				GCC_PREPROCESSOR_DEFINITIONS = (
					"DEBUG=1",
					"$(inherited)",
				);
				GCC_WARN_64_TO_32_BIT_CONVERSION = YES;
				GCC_WARN_ABOUT_RETURN_TYPE = YES_ERROR;
				GCC_WARN_UNDECLARED_SELECTOR = YES;
				GCC_WARN_UNINITIALIZED_AUTOS = YES_AGGRESSIVE;
				GCC_WARN_UNUSED_FUNCTION = YES;
				GCC_WARN_UNUSED_VARIABLE = YES;
				LOCALIZATION_PREFERS_STRING_CATALOGS = YES;
				MTL_ENABLE_DEBUG_INFO = INCLUDE_SOURCE;
				MTL_FAST_MATH = YES;
				ONLY_ACTIVE_ARCH = YES;
				SWIFT_ACTIVE_COMPILATION_CONDITIONS = "DEBUG $(inherited)";
				SWIFT_OPTIMIZATION_LEVEL = "-Onone";
			};
			name = Debug;
		};
		CE387F782B7D265A006BE2EB /* Release */ = {
			isa = XCBuildConfiguration;
			buildSettings = {
				ALWAYS_SEARCH_USER_PATHS = NO;
				ASSETCATALOG_COMPILER_GENERATE_SWIFT_ASSET_SYMBOL_EXTENSIONS = YES;
				CLANG_ANALYZER_NONNULL = YES;
				CLANG_ANALYZER_NUMBER_OBJECT_CONVERSION = YES_AGGRESSIVE;
				CLANG_CXX_LANGUAGE_STANDARD = "gnu++20";
				CLANG_ENABLE_MODULES = YES;
				CLANG_ENABLE_OBJC_ARC = YES;
				CLANG_ENABLE_OBJC_WEAK = YES;
				CLANG_WARN_BLOCK_CAPTURE_AUTORELEASING = YES;
				CLANG_WARN_BOOL_CONVERSION = YES;
				CLANG_WARN_COMMA = YES;
				CLANG_WARN_CONSTANT_CONVERSION = YES;
				CLANG_WARN_DEPRECATED_OBJC_IMPLEMENTATIONS = YES;
				CLANG_WARN_DIRECT_OBJC_ISA_USAGE = YES_ERROR;
				CLANG_WARN_DOCUMENTATION_COMMENTS = YES;
				CLANG_WARN_EMPTY_BODY = YES;
				CLANG_WARN_ENUM_CONVERSION = YES;
				CLANG_WARN_INFINITE_RECURSION = YES;
				CLANG_WARN_INT_CONVERSION = YES;
				CLANG_WARN_NON_LITERAL_NULL_CONVERSION = YES;
				CLANG_WARN_OBJC_IMPLICIT_RETAIN_SELF = YES;
				CLANG_WARN_OBJC_LITERAL_CONVERSION = YES;
				CLANG_WARN_OBJC_ROOT_CLASS = YES_ERROR;
				CLANG_WARN_QUOTED_INCLUDE_IN_FRAMEWORK_HEADER = YES;
				CLANG_WARN_RANGE_LOOP_ANALYSIS = YES;
				CLANG_WARN_STRICT_PROTOTYPES = YES;
				CLANG_WARN_SUSPICIOUS_MOVE = YES;
				CLANG_WARN_UNGUARDED_AVAILABILITY = YES_AGGRESSIVE;
				CLANG_WARN_UNREACHABLE_CODE = YES;
				CLANG_WARN__DUPLICATE_METHOD_MATCH = YES;
				COPY_PHASE_STRIP = NO;
				DEBUG_INFORMATION_FORMAT = "dwarf-with-dsym";
				ENABLE_NS_ASSERTIONS = NO;
				ENABLE_STRICT_OBJC_MSGSEND = YES;
				ENABLE_USER_SCRIPT_SANDBOXING = YES;
				GCC_C_LANGUAGE_STANDARD = gnu17;
				GCC_NO_COMMON_BLOCKS = YES;
				GCC_WARN_64_TO_32_BIT_CONVERSION = YES;
				GCC_WARN_ABOUT_RETURN_TYPE = YES_ERROR;
				GCC_WARN_UNDECLARED_SELECTOR = YES;
				GCC_WARN_UNINITIALIZED_AUTOS = YES_AGGRESSIVE;
				GCC_WARN_UNUSED_FUNCTION = YES;
				GCC_WARN_UNUSED_VARIABLE = YES;
				LOCALIZATION_PREFERS_STRING_CATALOGS = YES;
				MTL_ENABLE_DEBUG_INFO = NO;
				MTL_FAST_MATH = YES;
				SWIFT_COMPILATION_MODE = wholemodule;
			};
			name = Release;
		};
		CE387F7A2B7D265A006BE2EB /* Debug */ = {
			isa = XCBuildConfiguration;
			buildSettings = {
				ASSETCATALOG_COMPILER_APPICON_NAME = AppIcon;
				ASSETCATALOG_COMPILER_GLOBAL_ACCENT_COLOR_NAME = AccentColor;
				CODE_SIGN_ENTITLEMENTS = Messenger/Messenger.entitlements;
				"CODE_SIGN_IDENTITY[sdk=macosx*]" = "-";
				CODE_SIGN_STYLE = Automatic;
				CURRENT_PROJECT_VERSION = 1;
				DEVELOPMENT_ASSET_PATHS = "\"Messenger/Preview Content\"";
				ENABLE_PREVIEWS = YES;
				GENERATE_INFOPLIST_FILE = YES;
				"INFOPLIST_KEY_UIApplicationSceneManifest_Generation[sdk=iphoneos*]" = YES;
				"INFOPLIST_KEY_UIApplicationSceneManifest_Generation[sdk=iphonesimulator*]" = YES;
				"INFOPLIST_KEY_UIApplicationSupportsIndirectInputEvents[sdk=iphoneos*]" = YES;
				"INFOPLIST_KEY_UIApplicationSupportsIndirectInputEvents[sdk=iphonesimulator*]" = YES;
				"INFOPLIST_KEY_UILaunchScreen_Generation[sdk=iphoneos*]" = YES;
				"INFOPLIST_KEY_UILaunchScreen_Generation[sdk=iphonesimulator*]" = YES;
				"INFOPLIST_KEY_UIStatusBarStyle[sdk=iphoneos*]" = UIStatusBarStyleDefault;
				"INFOPLIST_KEY_UIStatusBarStyle[sdk=iphonesimulator*]" = UIStatusBarStyleDefault;
				INFOPLIST_KEY_UISupportedInterfaceOrientations_iPad = "UIInterfaceOrientationPortrait UIInterfaceOrientationPortraitUpsideDown UIInterfaceOrientationLandscapeLeft UIInterfaceOrientationLandscapeRight";
				INFOPLIST_KEY_UISupportedInterfaceOrientations_iPhone = "UIInterfaceOrientationPortrait UIInterfaceOrientationLandscapeLeft UIInterfaceOrientationLandscapeRight";
				IPHONEOS_DEPLOYMENT_TARGET = 17.2;
				LD_RUNPATH_SEARCH_PATHS = "@executable_path/Frameworks";
				"LD_RUNPATH_SEARCH_PATHS[sdk=macosx*]" = "@executable_path/../Frameworks";
				MACOSX_DEPLOYMENT_TARGET = 14.0;
				MARKETING_VERSION = 1.0;
				PRODUCT_BUNDLE_IDENTIFIER = com.fawaz.Messenger;
				PRODUCT_NAME = "$(TARGET_NAME)";
				SDKROOT = auto;
				SUPPORTED_PLATFORMS = "iphoneos iphonesimulator macosx";
				SWIFT_EMIT_LOC_STRINGS = YES;
				SWIFT_VERSION = 5.0;
				TARGETED_DEVICE_FAMILY = "1,2";
			};
			name = Debug;
		};
		CE387F7B2B7D265A006BE2EB /* Release */ = {
			isa = XCBuildConfiguration;
			buildSettings = {
				ASSETCATALOG_COMPILER_APPICON_NAME = AppIcon;
				ASSETCATALOG_COMPILER_GLOBAL_ACCENT_COLOR_NAME = AccentColor;
				CODE_SIGN_ENTITLEMENTS = Messenger/Messenger.entitlements;
				"CODE_SIGN_IDENTITY[sdk=macosx*]" = "-";
				CODE_SIGN_STYLE = Automatic;
				CURRENT_PROJECT_VERSION = 1;
				DEVELOPMENT_ASSET_PATHS = "\"Messenger/Preview Content\"";
				ENABLE_PREVIEWS = YES;
				GENERATE_INFOPLIST_FILE = YES;
				"INFOPLIST_KEY_UIApplicationSceneManifest_Generation[sdk=iphoneos*]" = YES;
				"INFOPLIST_KEY_UIApplicationSceneManifest_Generation[sdk=iphonesimulator*]" = YES;
				"INFOPLIST_KEY_UIApplicationSupportsIndirectInputEvents[sdk=iphoneos*]" = YES;
				"INFOPLIST_KEY_UIApplicationSupportsIndirectInputEvents[sdk=iphonesimulator*]" = YES;
				"INFOPLIST_KEY_UILaunchScreen_Generation[sdk=iphoneos*]" = YES;
				"INFOPLIST_KEY_UILaunchScreen_Generation[sdk=iphonesimulator*]" = YES;
				"INFOPLIST_KEY_UIStatusBarStyle[sdk=iphoneos*]" = UIStatusBarStyleDefault;
				"INFOPLIST_KEY_UIStatusBarStyle[sdk=iphonesimulator*]" = UIStatusBarStyleDefault;
				INFOPLIST_KEY_UISupportedInterfaceOrientations_iPad = "UIInterfaceOrientationPortrait UIInterfaceOrientationPortraitUpsideDown UIInterfaceOrientationLandscapeLeft UIInterfaceOrientationLandscapeRight";
				INFOPLIST_KEY_UISupportedInterfaceOrientations_iPhone = "UIInterfaceOrientationPortrait UIInterfaceOrientationLandscapeLeft UIInterfaceOrientationLandscapeRight";
				IPHONEOS_DEPLOYMENT_TARGET = 17.2;
				LD_RUNPATH_SEARCH_PATHS = "@executable_path/Frameworks";
				"LD_RUNPATH_SEARCH_PATHS[sdk=macosx*]" = "@executable_path/../Frameworks";
				MACOSX_DEPLOYMENT_TARGET = 14.0;
				MARKETING_VERSION = 1.0;
				PRODUCT_BUNDLE_IDENTIFIER = com.fawaz.Messenger;
				PRODUCT_NAME = "$(TARGET_NAME)";
				SDKROOT = auto;
				SUPPORTED_PLATFORMS = "iphoneos iphonesimulator macosx";
				SWIFT_EMIT_LOC_STRINGS = YES;
				SWIFT_VERSION = 5.0;
				TARGETED_DEVICE_FAMILY = "1,2";
			};
			name = Release;
		};
/* End XCBuildConfiguration section */

/* Begin XCConfigurationList section */
		CE387F632B7D2657006BE2EB /* Build configuration list for PBXProject "Messenger" */ = {
			isa = XCConfigurationList;
			buildConfigurations = (
				CE387F772B7D265A006BE2EB /* Debug */,
				CE387F782B7D265A006BE2EB /* Release */,
			);
			defaultConfigurationIsVisible = 0;
			defaultConfigurationName = Release;
		};
		CE387F792B7D265A006BE2EB /* Build configuration list for PBXNativeTarget "Messenger" */ = {
			isa = XCConfigurationList;
			buildConfigurations = (
				CE387F7A2B7D265A006BE2EB /* Debug */,
				CE387F7B2B7D265A006BE2EB /* Release */,
			);
			defaultConfigurationIsVisible = 0;
			defaultConfigurationName = Release;
		};
/* End XCConfigurationList section */

/* Begin XCRemoteSwiftPackageReference section */
		CE387FAA2B7F1B38006BE2EB /* XCRemoteSwiftPackageReference "firebase-ios-sdk" */ = {
			isa = XCRemoteSwiftPackageReference;
			repositoryURL = "https://github.com/firebase/firebase-ios-sdk";
			requirement = {
				kind = upToNextMajorVersion;
				minimumVersion = 10.21.0;
			};
		};
/* End XCRemoteSwiftPackageReference section */

/* Begin XCSwiftPackageProductDependency section */
		CE387FAB2B7F1B38006BE2EB /* FirebaseAnalytics */ = {
			isa = XCSwiftPackageProductDependency;
			package = CE387FAA2B7F1B38006BE2EB /* XCRemoteSwiftPackageReference "firebase-ios-sdk" */;
			productName = FirebaseAnalytics;
		};
		CE387FAD2B7F1B38006BE2EB /* FirebaseAnalyticsOnDeviceConversion */ = {
			isa = XCSwiftPackageProductDependency;
			package = CE387FAA2B7F1B38006BE2EB /* XCRemoteSwiftPackageReference "firebase-ios-sdk" */;
			productName = FirebaseAnalyticsOnDeviceConversion;
		};
		CE387FAF2B7F1B38006BE2EB /* FirebaseAnalyticsSwift */ = {
			isa = XCSwiftPackageProductDependency;
			package = CE387FAA2B7F1B38006BE2EB /* XCRemoteSwiftPackageReference "firebase-ios-sdk" */;
			productName = FirebaseAnalyticsSwift;
		};
		CE387FB12B7F1B38006BE2EB /* FirebaseAnalyticsWithoutAdIdSupport */ = {
			isa = XCSwiftPackageProductDependency;
			package = CE387FAA2B7F1B38006BE2EB /* XCRemoteSwiftPackageReference "firebase-ios-sdk" */;
			productName = FirebaseAnalyticsWithoutAdIdSupport;
		};
		CE387FB32B7F1B38006BE2EB /* FirebaseAppCheck */ = {
			isa = XCSwiftPackageProductDependency;
			package = CE387FAA2B7F1B38006BE2EB /* XCRemoteSwiftPackageReference "firebase-ios-sdk" */;
			productName = FirebaseAppCheck;
		};
		CE387FB52B7F1B38006BE2EB /* FirebaseAppDistribution-Beta */ = {
			isa = XCSwiftPackageProductDependency;
			package = CE387FAA2B7F1B38006BE2EB /* XCRemoteSwiftPackageReference "firebase-ios-sdk" */;
			productName = "FirebaseAppDistribution-Beta";
		};
		CE387FB72B7F1B38006BE2EB /* FirebaseAuth */ = {
			isa = XCSwiftPackageProductDependency;
			package = CE387FAA2B7F1B38006BE2EB /* XCRemoteSwiftPackageReference "firebase-ios-sdk" */;
			productName = FirebaseAuth;
		};
		CE387FB92B7F1B38006BE2EB /* FirebaseAuthCombine-Community */ = {
			isa = XCSwiftPackageProductDependency;
			package = CE387FAA2B7F1B38006BE2EB /* XCRemoteSwiftPackageReference "firebase-ios-sdk" */;
			productName = "FirebaseAuthCombine-Community";
		};
		CE387FBB2B7F1B38006BE2EB /* FirebaseCrashlytics */ = {
			isa = XCSwiftPackageProductDependency;
			package = CE387FAA2B7F1B38006BE2EB /* XCRemoteSwiftPackageReference "firebase-ios-sdk" */;
			productName = FirebaseCrashlytics;
		};
		CE387FBD2B7F1B38006BE2EB /* FirebaseDatabase */ = {
			isa = XCSwiftPackageProductDependency;
			package = CE387FAA2B7F1B38006BE2EB /* XCRemoteSwiftPackageReference "firebase-ios-sdk" */;
			productName = FirebaseDatabase;
		};
		CE387FBF2B7F1B38006BE2EB /* FirebaseDatabaseSwift */ = {
			isa = XCSwiftPackageProductDependency;
			package = CE387FAA2B7F1B38006BE2EB /* XCRemoteSwiftPackageReference "firebase-ios-sdk" */;
			productName = FirebaseDatabaseSwift;
		};
		CE387FC12B7F1B38006BE2EB /* FirebaseDynamicLinks */ = {
			isa = XCSwiftPackageProductDependency;
			package = CE387FAA2B7F1B38006BE2EB /* XCRemoteSwiftPackageReference "firebase-ios-sdk" */;
			productName = FirebaseDynamicLinks;
		};
		CE387FC32B7F1B38006BE2EB /* FirebaseFirestore */ = {
			isa = XCSwiftPackageProductDependency;
			package = CE387FAA2B7F1B38006BE2EB /* XCRemoteSwiftPackageReference "firebase-ios-sdk" */;
			productName = FirebaseFirestore;
		};
		CE387FC52B7F1B38006BE2EB /* FirebaseFirestoreCombine-Community */ = {
			isa = XCSwiftPackageProductDependency;
			package = CE387FAA2B7F1B38006BE2EB /* XCRemoteSwiftPackageReference "firebase-ios-sdk" */;
			productName = "FirebaseFirestoreCombine-Community";
		};
		CE387FC72B7F1B38006BE2EB /* FirebaseFirestoreSwift */ = {
			isa = XCSwiftPackageProductDependency;
			package = CE387FAA2B7F1B38006BE2EB /* XCRemoteSwiftPackageReference "firebase-ios-sdk" */;
			productName = FirebaseFirestoreSwift;
		};
		CE387FC92B7F1B38006BE2EB /* FirebaseFunctions */ = {
			isa = XCSwiftPackageProductDependency;
			package = CE387FAA2B7F1B38006BE2EB /* XCRemoteSwiftPackageReference "firebase-ios-sdk" */;
			productName = FirebaseFunctions;
		};
		CE387FCB2B7F1B38006BE2EB /* FirebaseFunctionsCombine-Community */ = {
			isa = XCSwiftPackageProductDependency;
			package = CE387FAA2B7F1B38006BE2EB /* XCRemoteSwiftPackageReference "firebase-ios-sdk" */;
			productName = "FirebaseFunctionsCombine-Community";
		};
		CE387FCD2B7F1B38006BE2EB /* FirebaseInAppMessaging-Beta */ = {
			isa = XCSwiftPackageProductDependency;
			package = CE387FAA2B7F1B38006BE2EB /* XCRemoteSwiftPackageReference "firebase-ios-sdk" */;
			productName = "FirebaseInAppMessaging-Beta";
		};
		CE387FCF2B7F1B38006BE2EB /* FirebaseInAppMessagingSwift-Beta */ = {
			isa = XCSwiftPackageProductDependency;
			package = CE387FAA2B7F1B38006BE2EB /* XCRemoteSwiftPackageReference "firebase-ios-sdk" */;
			productName = "FirebaseInAppMessagingSwift-Beta";
		};
		CE387FD12B7F1B38006BE2EB /* FirebaseInstallations */ = {
			isa = XCSwiftPackageProductDependency;
			package = CE387FAA2B7F1B38006BE2EB /* XCRemoteSwiftPackageReference "firebase-ios-sdk" */;
			productName = FirebaseInstallations;
		};
		CE387FD32B7F1B38006BE2EB /* FirebaseMLModelDownloader */ = {
			isa = XCSwiftPackageProductDependency;
			package = CE387FAA2B7F1B38006BE2EB /* XCRemoteSwiftPackageReference "firebase-ios-sdk" */;
			productName = FirebaseMLModelDownloader;
		};
		CE387FD52B7F1B38006BE2EB /* FirebaseMessaging */ = {
			isa = XCSwiftPackageProductDependency;
			package = CE387FAA2B7F1B38006BE2EB /* XCRemoteSwiftPackageReference "firebase-ios-sdk" */;
			productName = FirebaseMessaging;
		};
		CE387FD72B7F1B38006BE2EB /* FirebasePerformance */ = {
			isa = XCSwiftPackageProductDependency;
			package = CE387FAA2B7F1B38006BE2EB /* XCRemoteSwiftPackageReference "firebase-ios-sdk" */;
			productName = FirebasePerformance;
		};
		CE387FD92B7F1B38006BE2EB /* FirebaseRemoteConfig */ = {
			isa = XCSwiftPackageProductDependency;
			package = CE387FAA2B7F1B38006BE2EB /* XCRemoteSwiftPackageReference "firebase-ios-sdk" */;
			productName = FirebaseRemoteConfig;
		};
		CE387FDB2B7F1B38006BE2EB /* FirebaseRemoteConfigSwift */ = {
			isa = XCSwiftPackageProductDependency;
			package = CE387FAA2B7F1B38006BE2EB /* XCRemoteSwiftPackageReference "firebase-ios-sdk" */;
			productName = FirebaseRemoteConfigSwift;
		};
		CE387FDD2B7F1B38006BE2EB /* FirebaseStorage */ = {
			isa = XCSwiftPackageProductDependency;
			package = CE387FAA2B7F1B38006BE2EB /* XCRemoteSwiftPackageReference "firebase-ios-sdk" */;
			productName = FirebaseStorage;
		};
		CE387FDF2B7F1B38006BE2EB /* FirebaseStorageCombine-Community */ = {
			isa = XCSwiftPackageProductDependency;
			package = CE387FAA2B7F1B38006BE2EB /* XCRemoteSwiftPackageReference "firebase-ios-sdk" */;
			productName = "FirebaseStorageCombine-Community";
		};
/* End XCSwiftPackageProductDependency section */
	};
	rootObject = CE387F602B7D2657006BE2EB /* Project object */;
}
